
Microsoft Visual Studio Solution File, Format Version 12.00
# Visual Studio Version 17
VisualStudioVersion = 17.0.31903.59
MinimumVisualStudioVersion = 10.0.40219.1
Project("{FAE04EC0-301F-11D3-BF4B-00C04F79EFBC}") = "AiBloger.Api", "AiBloger.Api\AiBloger.Api.csproj", "{0F36E570-25BB-4583-804C-0DBCB8B8DC6D}"
EndProject
Project("{FAE04EC0-301F-11D3-BF4B-00C04F79EFBC}") = "AiBloger.Core", "AiBloger.Core\AiBloger.Core.csproj", "{BCA81E20-B0E9-4E31-8E06-1E8CDE295BC9}"
EndProject
Project("{FAE04EC0-301F-11D3-BF4B-00C04F79EFBC}") = "AiBloger.Infrastructure", "AiBloger.Infrastructure\AiBloger.Infrastructure.csproj", "{6FDA2BF5-C4E4-44B8-8ED6-94DB336AAEFF}"
EndProject
Project("{FAE04EC0-301F-11D3-BF4B-00C04F79EFBC}") = "AiBloger.Web", "AiBloger.Web\AiBloger.Web.csproj", "{0454F27B-FA15-4148-BD56-8E8A41B8DDE8}"
EndProject
Global
	GlobalSection(SolutionConfigurationPlatforms) = preSolution
		Debug|Any CPU = Debug|Any CPU
		Release|Any CPU = Release|Any CPU
	EndGlobalSection
	GlobalSection(SolutionProperties) = preSolution
		HideSolutionNode = FALSE
	EndGlobalSection
	GlobalSection(ProjectConfigurationPlatforms) = postSolution
		{0F36E570-25BB-4583-804C-0DBCB8B8DC6D}.Debug|Any CPU.ActiveCfg = Debug|Any CPU
		{0F36E570-25BB-4583-804C-0DBCB8B8DC6D}.Debug|Any CPU.Build.0 = Debug|Any CPU
		{0F36E570-25BB-4583-804C-0DBCB8B8DC6D}.Release|Any CPU.ActiveCfg = Release|Any CPU
		{0F36E570-25BB-4583-804C-0DBCB8B8DC6D}.Release|Any CPU.Build.0 = Release|Any CPU
		{BCA81E20-B0E9-4E31-8E06-1E8CDE295BC9}.Debug|Any CPU.ActiveCfg = Debug|Any CPU
		{BCA81E20-B0E9-4E31-8E06-1E8CDE295BC9}.Debug|Any CPU.Build.0 = Debug|Any CPU
		{BCA81E20-B0E9-4E31-8E06-1E8CDE295BC9}.Release|Any CPU.ActiveCfg = Release|Any CPU
		{BCA81E20-B0E9-4E31-8E06-1E8CDE295BC9}.Release|Any CPU.Build.0 = Release|Any CPU
		{6FDA2BF5-C4E4-44B8-8ED6-94DB336AAEFF}.Debug|Any CPU.ActiveCfg = Debug|Any CPU
		{6FDA2BF5-C4E4-44B8-8ED6-94DB336AAEFF}.Debug|Any CPU.Build.0 = Debug|Any CPU
		{6FDA2BF5-C4E4-44B8-8ED6-94DB336AAEFF}.Release|Any CPU.ActiveCfg = Release|Any CPU
		{6FDA2BF5-C4E4-44B8-8ED6-94DB336AAEFF}.Release|Any CPU.Build.0 = Release|Any CPU
		{0454F27B-FA15-4148-BD56-8E8A41B8DDE8}.Debug|Any CPU.ActiveCfg = Debug|Any CPU
		{0454F27B-FA15-4148-BD56-8E8A41B8DDE8}.Debug|Any CPU.Build.0 = Debug|Any CPU
		{0454F27B-FA15-4148-BD56-8E8A41B8DDE8}.Release|Any CPU.ActiveCfg = Release|Any CPU
		{0454F27B-FA15-4148-BD56-8E8A41B8DDE8}.Release|Any CPU.Build.0 = Release|Any CPU
	EndGlobalSection
EndGlobal
